// !$*UTF8*$!
{
	archiveVersion = 1;
	classes = {
	};
	objectVersion = 46;
	objects = {

/* Begin PBXBuildFile section */
		095E48421917CE510007D93E /* Default-568h@2x.png in Resources */ = {isa = PBXBuildFile; fileRef = 095E483E1917CE510007D93E /* Default-568h@2x.png */; };
		3E04F5E418FFF098006485D9 /* Foundation.framework in Frameworks */ = {isa = PBXBuildFile; fileRef = 3E04F5E318FFF098006485D9 /* Foundation.framework */; };
		3E04F5E618FFF098006485D9 /* CoreGraphics.framework in Frameworks */ = {isa = PBXBuildFile; fileRef = 3E04F5E518FFF098006485D9 /* CoreGraphics.framework */; };
		3E04F5E818FFF098006485D9 /* UIKit.framework in Frameworks */ = {isa = PBXBuildFile; fileRef = 3E04F5E718FFF098006485D9 /* UIKit.framework */; };
		3E04F5EE18FFF099006485D9 /* InfoPlist.strings in Resources */ = {isa = PBXBuildFile; fileRef = 3E04F5EC18FFF099006485D9 /* InfoPlist.strings */; };
		3E04F5F018FFF099006485D9 /* main.m in Sources */ = {isa = PBXBuildFile; fileRef = 3E04F5EF18FFF099006485D9 /* main.m */; };
		3E04F5F418FFF099006485D9 /* AppDelegate.m in Sources */ = {isa = PBXBuildFile; fileRef = 3E04F5F318FFF099006485D9 /* AppDelegate.m */; };
		3E04F5FF18FFF099006485D9 /* Images.xcassets in Resources */ = {isa = PBXBuildFile; fileRef = 3E04F5FE18FFF099006485D9 /* Images.xcassets */; };
		3E04F62018FFFF7F006485D9 /* libsqlite3.dylib in Frameworks */ = {isa = PBXBuildFile; fileRef = 3E04F61F18FFFF7F006485D9 /* libsqlite3.dylib */; };
		3E04F62218FFFF8E006485D9 /* AVFoundation.framework in Frameworks */ = {isa = PBXBuildFile; fileRef = 3E04F62118FFFF8E006485D9 /* AVFoundation.framework */; };
		3E04F62418FFFF97006485D9 /* CoreMotion.framework in Frameworks */ = {isa = PBXBuildFile; fileRef = 3E04F62318FFFF97006485D9 /* CoreMotion.framework */; };
		3E04F62618FFFF9D006485D9 /* CoreAudio.framework in Frameworks */ = {isa = PBXBuildFile; fileRef = 3E04F62518FFFF9D006485D9 /* CoreAudio.framework */; };
		3E04F62818FFFFA5006485D9 /* CoreLocation.framework in Frameworks */ = {isa = PBXBuildFile; fileRef = 3E04F62718FFFFA5006485D9 /* CoreLocation.framework */; };
		3E04F62A18FFFFB6006485D9 /* SystemConfiguration.framework in Frameworks */ = {isa = PBXBuildFile; fileRef = 3E04F62918FFFFB6006485D9 /* SystemConfiguration.framework */; };
		3E04F62C18FFFFCB006485D9 /* CoreTelephony.framework in Frameworks */ = {isa = PBXBuildFile; fileRef = 3E04F62B18FFFFCB006485D9 /* CoreTelephony.framework */; };
		3E04F62E18FFFFEA006485D9 /* AudioToolbox.framework in Frameworks */ = {isa = PBXBuildFile; fileRef = 3E04F62D18FFFFEA006485D9 /* AudioToolbox.framework */; };
		3E04F630190000FB006485D9 /* CSVitalConnectSensor.m in Sources */ = {isa = PBXBuildFile; fileRef = 3E04F62F190000FB006485D9 /* CSVitalConnectSensor.m */; };
		3E04F63219000129006485D9 /* VitalConnectViewController.m in Sources */ = {isa = PBXBuildFile; fileRef = 3E04F63119000129006485D9 /* VitalConnectViewController.m */; };
		3E04F64319000318006485D9 /* CoreBluetooth.framework in Frameworks */ = {isa = PBXBuildFile; fileRef = 3E04F64219000318006485D9 /* CoreBluetooth.framework */; };
		3E04F64519000331006485D9 /* libz.dylib in Frameworks */ = {isa = PBXBuildFile; fileRef = 3E04F64419000331006485D9 /* libz.dylib */; };
		3E04F64D19003747006485D9 /* LoginViewController.m in Sources */ = {isa = PBXBuildFile; fileRef = 3E04F64C19003747006485D9 /* LoginViewController.m */; };
		3E04F65219017D37006485D9 /* Factory.m in Sources */ = {isa = PBXBuildFile; fileRef = 3E04F65119017D37006485D9 /* Factory.m */; };
		3E04F65619018B9F006485D9 /* TPKeyboardAvoidingScrollView.m in Sources */ = {isa = PBXBuildFile; fileRef = 3E04F65519018B9F006485D9 /* TPKeyboardAvoidingScrollView.m */; };
		3E04F65C19018C1D006485D9 /* UIScrollView+TPKeyboardAvoidingAdditions.m in Sources */ = {isa = PBXBuildFile; fileRef = 3E04F65B19018C1D006485D9 /* UIScrollView+TPKeyboardAvoidingAdditions.m */; };
		3E04F65F1901A520006485D9 /* DeviceViewController.m in Sources */ = {isa = PBXBuildFile; fileRef = 3E04F65E1901A520006485D9 /* DeviceViewController.m */; };
		3E04F66219066EAD006485D9 /* ConnectViewController.m in Sources */ = {isa = PBXBuildFile; fileRef = 3E04F66119066EAD006485D9 /* ConnectViewController.m */; };
		3E04F66619069213006485D9 /* SettingsTableViewController.m in Sources */ = {isa = PBXBuildFile; fileRef = 3E04F66519069213006485D9 /* SettingsTableViewController.m */; };
		3E5EF3EE1A126132007C2D3E /* DeviceTableViewController.m in Sources */ = {isa = PBXBuildFile; fileRef = 3E5EF3ED1A126132007C2D3E /* DeviceTableViewController.m */; };
		3E5EF3F01A1264FC007C2D3E /* Background.png in Resources */ = {isa = PBXBuildFile; fileRef = 3E5EF3EF1A1264FC007C2D3E /* Background.png */; };
		3E5EF3F21A126512007C2D3E /* Default~iphone.png in Resources */ = {isa = PBXBuildFile; fileRef = 3E5EF3F11A126512007C2D3E /* Default~iphone.png */; };
		3E5EF3F41A126518007C2D3E /* Default.png in Resources */ = {isa = PBXBuildFile; fileRef = 3E5EF3F31A126518007C2D3E /* Default.png */; };
		3E7AFDBE190EA99D003D2C98 /* instruction.mp4 in Resources */ = {isa = PBXBuildFile; fileRef = 3E7AFDBD190EA977003D2C98 /* instruction.mp4 */; };
		3E7AFDC1190EB01F003D2C98 /* OrientationNavigationController.m in Sources */ = {isa = PBXBuildFile; fileRef = 3E7AFDC0190EB01F003D2C98 /* OrientationNavigationController.m */; };
		3E7AFDCB190FB1BA003D2C98 /* videothumb.png in Resources */ = {isa = PBXBuildFile; fileRef = 3E7AFDC9190FB1BA003D2C98 /* videothumb.png */; };
		3E7AFDCC190FB1BA003D2C98 /* videothumb@2x.png in Resources */ = {isa = PBXBuildFile; fileRef = 3E7AFDCA190FB1BA003D2C98 /* videothumb@2x.png */; };
		3E813052191103890064DED2 /* AppIcon120x120.png in Resources */ = {isa = PBXBuildFile; fileRef = 3E813050191103890064DED2 /* AppIcon120x120.png */; };
		3E813053191103890064DED2 /* AppIcon120x120@2x.png in Resources */ = {isa = PBXBuildFile; fileRef = 3E813051191103890064DED2 /* AppIcon120x120@2x.png */; };
		3E813056191122080064DED2 /* Background320x480.png in Resources */ = {isa = PBXBuildFile; fileRef = 3E813054191122080064DED2 /* Background320x480.png */; };
		3E81305C1913CAB80064DED2 /* Cortex.framework in Frameworks */ = {isa = PBXBuildFile; fileRef = 3E81305B1913CAB80064DED2 /* Cortex.framework */; };
		3EE1981D19E80F8F00E86A9B /* Security.framework in Frameworks */ = {isa = PBXBuildFile; fileRef = 3EE1981C19E80F8F00E86A9B /* Security.framework */; };
		3EF47FD619095F2500104D69 /* AppIcon29x29.png in Resources */ = {isa = PBXBuildFile; fileRef = 3EF47FC519095F2500104D69 /* AppIcon29x29.png */; };
		3EF47FD719095F2500104D69 /* AppIcon29x29@2x.png in Resources */ = {isa = PBXBuildFile; fileRef = 3EF47FC619095F2500104D69 /* AppIcon29x29@2x.png */; };
		3EF47FD819095F2500104D69 /* AppIcon40x40.png in Resources */ = {isa = PBXBuildFile; fileRef = 3EF47FC719095F2500104D69 /* AppIcon40x40.png */; };
		3EF47FD919095F2500104D69 /* AppIcon40x40@2x.png in Resources */ = {isa = PBXBuildFile; fileRef = 3EF47FC819095F2500104D69 /* AppIcon40x40@2x.png */; };
		3EF47FDA19095F2500104D69 /* AppIcon50x50.png in Resources */ = {isa = PBXBuildFile; fileRef = 3EF47FC919095F2500104D69 /* AppIcon50x50.png */; };
		3EF47FDB19095F2500104D69 /* AppIcon50x50@2x.png in Resources */ = {isa = PBXBuildFile; fileRef = 3EF47FCA19095F2500104D69 /* AppIcon50x50@2x.png */; };
		3EF47FDC19095F2500104D69 /* AppIcon57x57.png in Resources */ = {isa = PBXBuildFile; fileRef = 3EF47FCB19095F2500104D69 /* AppIcon57x57.png */; };
		3EF47FDD19095F2500104D69 /* AppIcon57x57@2x.png in Resources */ = {isa = PBXBuildFile; fileRef = 3EF47FCC19095F2500104D69 /* AppIcon57x57@2x.png */; };
		3EF47FDE19095F2500104D69 /* AppIcon60x60.png in Resources */ = {isa = PBXBuildFile; fileRef = 3EF47FCD19095F2500104D69 /* AppIcon60x60.png */; };
		3EF47FDF19095F2500104D69 /* AppIcon60x60@2x.png in Resources */ = {isa = PBXBuildFile; fileRef = 3EF47FCE19095F2500104D69 /* AppIcon60x60@2x.png */; };
		3EF47FE019095F2500104D69 /* AppIcon72x72.png in Resources */ = {isa = PBXBuildFile; fileRef = 3EF47FCF19095F2500104D69 /* AppIcon72x72.png */; };
		3EF47FE119095F2500104D69 /* AppIcon72x72@2x.png in Resources */ = {isa = PBXBuildFile; fileRef = 3EF47FD019095F2500104D69 /* AppIcon72x72@2x.png */; };
		3EF47FE219095F2500104D69 /* AppIcon76x76.png in Resources */ = {isa = PBXBuildFile; fileRef = 3EF47FD119095F2500104D69 /* AppIcon76x76.png */; };
		3EF47FE319095F2500104D69 /* AppIcon76x76@2x.png in Resources */ = {isa = PBXBuildFile; fileRef = 3EF47FD219095F2500104D69 /* AppIcon76x76@2x.png */; };
		3EF47FF219095F3000104D69 /* Icon.png in Resources */ = {isa = PBXBuildFile; fileRef = 3EF47FEB19095F3000104D69 /* Icon.png */; };
		3EF47FF319095F3000104D69 /* Icon@2x.png in Resources */ = {isa = PBXBuildFile; fileRef = 3EF47FEC19095F3000104D69 /* Icon@2x.png */; };
		3EF47FF419095F3000104D69 /* LandingHeader.png in Resources */ = {isa = PBXBuildFile; fileRef = 3EF47FED19095F3000104D69 /* LandingHeader.png */; };
		3EF47FF519095F3000104D69 /* LandingHeader@2x.png in Resources */ = {isa = PBXBuildFile; fileRef = 3EF47FEE19095F3000104D69 /* LandingHeader@2x.png */; };
		3EF47FF819096EC900104D69 /* Settings.png in Resources */ = {isa = PBXBuildFile; fileRef = 3EF47FF619096EC900104D69 /* Settings.png */; };
		3EF47FF919096EC900104D69 /* Settings@2x.png in Resources */ = {isa = PBXBuildFile; fileRef = 3EF47FF719096EC900104D69 /* Settings@2x.png */; };
		A934D17F1AF3BBCF004FBEAA /* libVitalConnectLibrary.a in Frameworks */ = {isa = PBXBuildFile; fileRef = A934D17E1AF3BBCF004FBEAA /* libVitalConnectLibrary.a */; };
		A934D1811AF3BBE8004FBEAA /* libfw_bundle_ios.a in Frameworks */ = {isa = PBXBuildFile; fileRef = A934D1801AF3BBE8004FBEAA /* libfw_bundle_ios.a */; };
		A934D1831AF3BC00004FBEAA /* libjansson_ios.a in Frameworks */ = {isa = PBXBuildFile; fileRef = A934D1821AF3BC00004FBEAA /* libjansson_ios.a */; };
		A934D1851AF3BC1D004FBEAA /* librslib_ios.a in Frameworks */ = {isa = PBXBuildFile; fileRef = A934D1841AF3BC1D004FBEAA /* librslib_ios.a */; };
		A934D1871AF3BC3B004FBEAA /* libsensor_stream_ios.a in Frameworks */ = {isa = PBXBuildFile; fileRef = A934D1861AF3BC3B004FBEAA /* libsensor_stream_ios.a */; };
		A934D18A1AF3BF7C004FBEAA /* libcrypto.a in Frameworks */ = {isa = PBXBuildFile; fileRef = A934D1891AF3BF7C004FBEAA /* libcrypto.a */; };
		A934D18B1AF3C119004FBEAA /* Main.storyboard in Resources */ = {isa = PBXBuildFile; fileRef = 3E04F5F518FFF099006485D9 /* Main.storyboard */; };
/* End PBXBuildFile section */

/* Begin PBXFileReference section */
		095E483B1917CE510007D93E /* Default.png */ = {isa = PBXFileReference; lastKnownFileType = image.png; path = Default.png; sourceTree = "<group>"; };
		095E483D1917CE510007D93E /* Default~iphone.png */ = {isa = PBXFileReference; lastKnownFileType = image.png; path = "Default~iphone.png"; sourceTree = "<group>"; };
		095E483E1917CE510007D93E /* Default-568h@2x.png */ = {isa = PBXFileReference; lastKnownFileType = image.png; path = "Default-568h@2x.png"; sourceTree = "<group>"; };
		3E04F5E018FFF098006485D9 /* CS Heart.app */ = {isa = PBXFileReference; explicitFileType = wrapper.application; includeInIndex = 0; path = "CS Heart.app"; sourceTree = BUILT_PRODUCTS_DIR; };
		3E04F5E318FFF098006485D9 /* Foundation.framework */ = {isa = PBXFileReference; lastKnownFileType = wrapper.framework; name = Foundation.framework; path = System/Library/Frameworks/Foundation.framework; sourceTree = SDKROOT; };
		3E04F5E518FFF098006485D9 /* CoreGraphics.framework */ = {isa = PBXFileReference; lastKnownFileType = wrapper.framework; name = CoreGraphics.framework; path = System/Library/Frameworks/CoreGraphics.framework; sourceTree = SDKROOT; };
		3E04F5E718FFF098006485D9 /* UIKit.framework */ = {isa = PBXFileReference; lastKnownFileType = wrapper.framework; name = UIKit.framework; path = System/Library/Frameworks/UIKit.framework; sourceTree = SDKROOT; };
		3E04F5EB18FFF099006485D9 /* SenseVital-Info.plist */ = {isa = PBXFileReference; lastKnownFileType = text.plist.xml; path = "SenseVital-Info.plist"; sourceTree = "<group>"; };
		3E04F5ED18FFF099006485D9 /* en */ = {isa = PBXFileReference; lastKnownFileType = text.plist.strings; name = en; path = en.lproj/InfoPlist.strings; sourceTree = "<group>"; };
		3E04F5EF18FFF099006485D9 /* main.m */ = {isa = PBXFileReference; lastKnownFileType = sourcecode.c.objc; path = main.m; sourceTree = "<group>"; };
		3E04F5F118FFF099006485D9 /* SenseVital-Prefix.pch */ = {isa = PBXFileReference; lastKnownFileType = sourcecode.c.h; path = "SenseVital-Prefix.pch"; sourceTree = "<group>"; };
		3E04F5F218FFF099006485D9 /* AppDelegate.h */ = {isa = PBXFileReference; lastKnownFileType = sourcecode.c.h; path = AppDelegate.h; sourceTree = "<group>"; };
		3E04F5F318FFF099006485D9 /* AppDelegate.m */ = {isa = PBXFileReference; lastKnownFileType = sourcecode.c.objc; path = AppDelegate.m; sourceTree = "<group>"; };
		3E04F5F618FFF099006485D9 /* Base */ = {isa = PBXFileReference; lastKnownFileType = file.storyboard; name = Base; path = Base.lproj/Main.storyboard; sourceTree = "<group>"; };
		3E04F5FE18FFF099006485D9 /* Images.xcassets */ = {isa = PBXFileReference; lastKnownFileType = folder.assetcatalog; name = Images.xcassets; path = SenseVital/Images.xcassets; sourceTree = "<group>"; };
		3E04F60D18FFF099006485D9 /* SenseVitalTests-Info.plist */ = {isa = PBXFileReference; lastKnownFileType = text.plist.xml; path = "SenseVitalTests-Info.plist"; sourceTree = "<group>"; };
		3E04F60F18FFF099006485D9 /* en */ = {isa = PBXFileReference; lastKnownFileType = text.plist.strings; name = en; path = en.lproj/InfoPlist.strings; sourceTree = "<group>"; };
		3E04F61118FFF099006485D9 /* SenseVitalTests.m */ = {isa = PBXFileReference; lastKnownFileType = sourcecode.c.objc; path = SenseVitalTests.m; sourceTree = "<group>"; };
		3E04F61F18FFFF7F006485D9 /* libsqlite3.dylib */ = {isa = PBXFileReference; lastKnownFileType = "compiled.mach-o.dylib"; name = libsqlite3.dylib; path = usr/lib/libsqlite3.dylib; sourceTree = SDKROOT; };
		3E04F62118FFFF8E006485D9 /* AVFoundation.framework */ = {isa = PBXFileReference; lastKnownFileType = wrapper.framework; name = AVFoundation.framework; path = System/Library/Frameworks/AVFoundation.framework; sourceTree = SDKROOT; };
		3E04F62318FFFF97006485D9 /* CoreMotion.framework */ = {isa = PBXFileReference; lastKnownFileType = wrapper.framework; name = CoreMotion.framework; path = System/Library/Frameworks/CoreMotion.framework; sourceTree = SDKROOT; };
		3E04F62518FFFF9D006485D9 /* CoreAudio.framework */ = {isa = PBXFileReference; lastKnownFileType = wrapper.framework; name = CoreAudio.framework; path = System/Library/Frameworks/CoreAudio.framework; sourceTree = SDKROOT; };
		3E04F62718FFFFA5006485D9 /* CoreLocation.framework */ = {isa = PBXFileReference; lastKnownFileType = wrapper.framework; name = CoreLocation.framework; path = System/Library/Frameworks/CoreLocation.framework; sourceTree = SDKROOT; };
		3E04F62918FFFFB6006485D9 /* SystemConfiguration.framework */ = {isa = PBXFileReference; lastKnownFileType = wrapper.framework; name = SystemConfiguration.framework; path = System/Library/Frameworks/SystemConfiguration.framework; sourceTree = SDKROOT; };
		3E04F62B18FFFFCB006485D9 /* CoreTelephony.framework */ = {isa = PBXFileReference; lastKnownFileType = wrapper.framework; name = CoreTelephony.framework; path = System/Library/Frameworks/CoreTelephony.framework; sourceTree = SDKROOT; };
		3E04F62D18FFFFEA006485D9 /* AudioToolbox.framework */ = {isa = PBXFileReference; lastKnownFileType = wrapper.framework; name = AudioToolbox.framework; path = System/Library/Frameworks/AudioToolbox.framework; sourceTree = SDKROOT; };
		3E04F62F190000FB006485D9 /* CSVitalConnectSensor.m */ = {isa = PBXFileReference; fileEncoding = 4; lastKnownFileType = sourcecode.c.objc; path = CSVitalConnectSensor.m; sourceTree = "<group>"; };
		3E04F63119000129006485D9 /* VitalConnectViewController.m */ = {isa = PBXFileReference; fileEncoding = 4; lastKnownFileType = sourcecode.c.objc; path = VitalConnectViewController.m; sourceTree = "<group>"; };
		3E04F63319000134006485D9 /* VitalConnectViewController.h */ = {isa = PBXFileReference; lastKnownFileType = sourcecode.c.h; path = VitalConnectViewController.h; sourceTree = "<group>"; };
		3E04F6341900014E006485D9 /* CSVitalConnectSensor.h */ = {isa = PBXFileReference; lastKnownFileType = sourcecode.c.h; path = CSVitalConnectSensor.h; sourceTree = "<group>"; };
		3E04F64119000183006485D9 /* SDK.h */ = {isa = PBXFileReference; fileEncoding = 4; lastKnownFileType = sourcecode.c.h; path = SDK.h; sourceTree = "<group>"; };
		3E04F64219000318006485D9 /* CoreBluetooth.framework */ = {isa = PBXFileReference; lastKnownFileType = wrapper.framework; name = CoreBluetooth.framework; path = System/Library/Frameworks/CoreBluetooth.framework; sourceTree = SDKROOT; };
		3E04F64419000331006485D9 /* libz.dylib */ = {isa = PBXFileReference; lastKnownFileType = "compiled.mach-o.dylib"; name = libz.dylib; path = usr/lib/libz.dylib; sourceTree = SDKROOT; };
		3E04F64A1900248D006485D9 /* DeviceTableViewController.h */ = {isa = PBXFileReference; lastKnownFileType = sourcecode.c.h; path = DeviceTableViewController.h; sourceTree = "<group>"; };
		3E04F64B19003747006485D9 /* LoginViewController.h */ = {isa = PBXFileReference; fileEncoding = 4; lastKnownFileType = sourcecode.c.h; path = LoginViewController.h; sourceTree = "<group>"; };
		3E04F64C19003747006485D9 /* LoginViewController.m */ = {isa = PBXFileReference; fileEncoding = 4; lastKnownFileType = sourcecode.c.objc; path = LoginViewController.m; sourceTree = "<group>"; };
		3E04F65019017D37006485D9 /* Factory.h */ = {isa = PBXFileReference; fileEncoding = 4; lastKnownFileType = sourcecode.c.h; path = Factory.h; sourceTree = "<group>"; };
		3E04F65119017D37006485D9 /* Factory.m */ = {isa = PBXFileReference; fileEncoding = 4; lastKnownFileType = sourcecode.c.objc; path = Factory.m; sourceTree = "<group>"; };
		3E04F65419018B9F006485D9 /* TPKeyboardAvoidingScrollView.h */ = {isa = PBXFileReference; fileEncoding = 4; lastKnownFileType = sourcecode.c.h; path = TPKeyboardAvoidingScrollView.h; sourceTree = "<group>"; };
		3E04F65519018B9F006485D9 /* TPKeyboardAvoidingScrollView.m */ = {isa = PBXFileReference; fileEncoding = 4; lastKnownFileType = sourcecode.c.objc; path = TPKeyboardAvoidingScrollView.m; sourceTree = "<group>"; };
		3E04F65A19018C1D006485D9 /* UIScrollView+TPKeyboardAvoidingAdditions.h */ = {isa = PBXFileReference; fileEncoding = 4; lastKnownFileType = sourcecode.c.h; path = "UIScrollView+TPKeyboardAvoidingAdditions.h"; sourceTree = "<group>"; };
		3E04F65B19018C1D006485D9 /* UIScrollView+TPKeyboardAvoidingAdditions.m */ = {isa = PBXFileReference; fileEncoding = 4; lastKnownFileType = sourcecode.c.objc; path = "UIScrollView+TPKeyboardAvoidingAdditions.m"; sourceTree = "<group>"; };
		3E04F65D1901A520006485D9 /* DeviceViewController.h */ = {isa = PBXFileReference; fileEncoding = 4; lastKnownFileType = sourcecode.c.h; path = DeviceViewController.h; sourceTree = "<group>"; };
		3E04F65E1901A520006485D9 /* DeviceViewController.m */ = {isa = PBXFileReference; fileEncoding = 4; lastKnownFileType = sourcecode.c.objc; path = DeviceViewController.m; sourceTree = "<group>"; };
		3E04F66019066EAD006485D9 /* ConnectViewController.h */ = {isa = PBXFileReference; fileEncoding = 4; lastKnownFileType = sourcecode.c.h; path = ConnectViewController.h; sourceTree = "<group>"; };
		3E04F66119066EAD006485D9 /* ConnectViewController.m */ = {isa = PBXFileReference; fileEncoding = 4; lastKnownFileType = sourcecode.c.objc; path = ConnectViewController.m; sourceTree = "<group>"; };
		3E04F66419069213006485D9 /* SettingsTableViewController.h */ = {isa = PBXFileReference; fileEncoding = 4; lastKnownFileType = sourcecode.c.h; path = SettingsTableViewController.h; sourceTree = "<group>"; };
		3E04F66519069213006485D9 /* SettingsTableViewController.m */ = {isa = PBXFileReference; fileEncoding = 4; lastKnownFileType = sourcecode.c.objc; path = SettingsTableViewController.m; sourceTree = "<group>"; };
		3E5EF3ED1A126132007C2D3E /* DeviceTableViewController.m */ = {isa = PBXFileReference; fileEncoding = 4; lastKnownFileType = sourcecode.c.objc; path = DeviceTableViewController.m; sourceTree = "<group>"; };
		3E5EF3EF1A1264FC007C2D3E /* Background.png */ = {isa = PBXFileReference; lastKnownFileType = image.png; path = Background.png; sourceTree = "<group>"; };
		3E5EF3F11A126512007C2D3E /* Default~iphone.png */ = {isa = PBXFileReference; lastKnownFileType = image.png; path = "Default~iphone.png"; sourceTree = "<group>"; };
		3E5EF3F31A126518007C2D3E /* Default.png */ = {isa = PBXFileReference; lastKnownFileType = image.png; path = Default.png; sourceTree = "<group>"; };
		3E7AFDBD190EA977003D2C98 /* instruction.mp4 */ = {isa = PBXFileReference; lastKnownFileType = file; path = instruction.mp4; sourceTree = "<group>"; };
		3E7AFDBF190EB01F003D2C98 /* OrientationNavigationController.h */ = {isa = PBXFileReference; fileEncoding = 4; lastKnownFileType = sourcecode.c.h; path = OrientationNavigationController.h; sourceTree = "<group>"; };
		3E7AFDC0190EB01F003D2C98 /* OrientationNavigationController.m */ = {isa = PBXFileReference; fileEncoding = 4; lastKnownFileType = sourcecode.c.objc; path = OrientationNavigationController.m; sourceTree = "<group>"; };
		3E7AFDC9190FB1BA003D2C98 /* videothumb.png */ = {isa = PBXFileReference; lastKnownFileType = image.png; path = videothumb.png; sourceTree = "<group>"; };
		3E7AFDCA190FB1BA003D2C98 /* videothumb@2x.png */ = {isa = PBXFileReference; lastKnownFileType = image.png; path = "videothumb@2x.png"; sourceTree = "<group>"; };
		3E813050191103890064DED2 /* AppIcon120x120.png */ = {isa = PBXFileReference; lastKnownFileType = image.png; path = AppIcon120x120.png; sourceTree = "<group>"; };
		3E813051191103890064DED2 /* AppIcon120x120@2x.png */ = {isa = PBXFileReference; lastKnownFileType = image.png; path = "AppIcon120x120@2x.png"; sourceTree = "<group>"; };
		3E813054191122080064DED2 /* Background320x480.png */ = {isa = PBXFileReference; lastKnownFileType = image.png; path = Background320x480.png; sourceTree = "<group>"; };
		3E81305B1913CAB80064DED2 /* Cortex.framework */ = {isa = PBXFileReference; lastKnownFileType = wrapper.framework; name = Cortex.framework; path = lib/Cortex.framework; sourceTree = "<group>"; };
		3EE1981C19E80F8F00E86A9B /* Security.framework */ = {isa = PBXFileReference; lastKnownFileType = wrapper.framework; name = Security.framework; path = System/Library/Frameworks/Security.framework; sourceTree = SDKROOT; };
		3EF47FC519095F2500104D69 /* AppIcon29x29.png */ = {isa = PBXFileReference; lastKnownFileType = image.png; path = AppIcon29x29.png; sourceTree = "<group>"; };
		3EF47FC619095F2500104D69 /* AppIcon29x29@2x.png */ = {isa = PBXFileReference; lastKnownFileType = image.png; path = "AppIcon29x29@2x.png"; sourceTree = "<group>"; };
		3EF47FC719095F2500104D69 /* AppIcon40x40.png */ = {isa = PBXFileReference; lastKnownFileType = image.png; path = AppIcon40x40.png; sourceTree = "<group>"; };
		3EF47FC819095F2500104D69 /* AppIcon40x40@2x.png */ = {isa = PBXFileReference; lastKnownFileType = image.png; path = "AppIcon40x40@2x.png"; sourceTree = "<group>"; };
		3EF47FC919095F2500104D69 /* AppIcon50x50.png */ = {isa = PBXFileReference; lastKnownFileType = image.png; path = AppIcon50x50.png; sourceTree = "<group>"; };
		3EF47FCA19095F2500104D69 /* AppIcon50x50@2x.png */ = {isa = PBXFileReference; lastKnownFileType = image.png; path = "AppIcon50x50@2x.png"; sourceTree = "<group>"; };
		3EF47FCB19095F2500104D69 /* AppIcon57x57.png */ = {isa = PBXFileReference; lastKnownFileType = image.png; path = AppIcon57x57.png; sourceTree = "<group>"; };
		3EF47FCC19095F2500104D69 /* AppIcon57x57@2x.png */ = {isa = PBXFileReference; lastKnownFileType = image.png; path = "AppIcon57x57@2x.png"; sourceTree = "<group>"; };
		3EF47FCD19095F2500104D69 /* AppIcon60x60.png */ = {isa = PBXFileReference; lastKnownFileType = image.png; path = AppIcon60x60.png; sourceTree = "<group>"; };
		3EF47FCE19095F2500104D69 /* AppIcon60x60@2x.png */ = {isa = PBXFileReference; lastKnownFileType = image.png; path = "AppIcon60x60@2x.png"; sourceTree = "<group>"; };
		3EF47FCF19095F2500104D69 /* AppIcon72x72.png */ = {isa = PBXFileReference; lastKnownFileType = image.png; path = AppIcon72x72.png; sourceTree = "<group>"; };
		3EF47FD019095F2500104D69 /* AppIcon72x72@2x.png */ = {isa = PBXFileReference; lastKnownFileType = image.png; path = "AppIcon72x72@2x.png"; sourceTree = "<group>"; };
		3EF47FD119095F2500104D69 /* AppIcon76x76.png */ = {isa = PBXFileReference; lastKnownFileType = image.png; path = AppIcon76x76.png; sourceTree = "<group>"; };
		3EF47FD219095F2500104D69 /* AppIcon76x76@2x.png */ = {isa = PBXFileReference; lastKnownFileType = image.png; path = "AppIcon76x76@2x.png"; sourceTree = "<group>"; };
		3EF47FEB19095F3000104D69 /* Icon.png */ = {isa = PBXFileReference; lastKnownFileType = image.png; path = Icon.png; sourceTree = "<group>"; };
		3EF47FEC19095F3000104D69 /* Icon@2x.png */ = {isa = PBXFileReference; lastKnownFileType = image.png; path = "Icon@2x.png"; sourceTree = "<group>"; };
		3EF47FED19095F3000104D69 /* LandingHeader.png */ = {isa = PBXFileReference; lastKnownFileType = image.png; path = LandingHeader.png; sourceTree = "<group>"; };
		3EF47FEE19095F3000104D69 /* LandingHeader@2x.png */ = {isa = PBXFileReference; lastKnownFileType = image.png; path = "LandingHeader@2x.png"; sourceTree = "<group>"; };
		3EF47FF619096EC900104D69 /* Settings.png */ = {isa = PBXFileReference; lastKnownFileType = image.png; path = Settings.png; sourceTree = "<group>"; };
		3EF47FF719096EC900104D69 /* Settings@2x.png */ = {isa = PBXFileReference; lastKnownFileType = image.png; path = "Settings@2x.png"; sourceTree = "<group>"; };
		A934D17E1AF3BBCF004FBEAA /* libVitalConnectLibrary.a */ = {isa = PBXFileReference; lastKnownFileType = archive.ar; name = libVitalConnectLibrary.a; path = lib/VitalConnectLib/libVitalConnectLibrary.a; sourceTree = "<group>"; };
		A934D1801AF3BBE8004FBEAA /* libfw_bundle_ios.a */ = {isa = PBXFileReference; lastKnownFileType = archive.ar; name = libfw_bundle_ios.a; path = lib/VitalConnectLib/libfw_bundle_ios.a; sourceTree = "<group>"; };
		A934D1821AF3BC00004FBEAA /* libjansson_ios.a */ = {isa = PBXFileReference; lastKnownFileType = archive.ar; name = libjansson_ios.a; path = lib/VitalConnectLib/libjansson_ios.a; sourceTree = "<group>"; };
		A934D1841AF3BC1D004FBEAA /* librslib_ios.a */ = {isa = PBXFileReference; lastKnownFileType = archive.ar; name = librslib_ios.a; path = lib/VitalConnectLib/librslib_ios.a; sourceTree = "<group>"; };
		A934D1861AF3BC3B004FBEAA /* libsensor_stream_ios.a */ = {isa = PBXFileReference; lastKnownFileType = archive.ar; name = libsensor_stream_ios.a; path = lib/VitalConnectLib/libsensor_stream_ios.a; sourceTree = "<group>"; };
		A934D1881AF3BD4C004FBEAA /* VitalConnect.h */ = {isa = PBXFileReference; fileEncoding = 4; lastKnownFileType = sourcecode.c.h; name = VitalConnect.h; path = lib/VitalConnectLib/VitalConnect.h; sourceTree = "<group>"; };
		A934D1891AF3BF7C004FBEAA /* libcrypto.a */ = {isa = PBXFileReference; lastKnownFileType = archive.ar; name = libcrypto.a; path = lib/libcrypto.a; sourceTree = "<group>"; };
/* End PBXFileReference section */

/* Begin PBXFrameworksBuildPhase section */
		3E04F5DD18FFF098006485D9 /* Frameworks */ = {
			isa = PBXFrameworksBuildPhase;
			buildActionMask = 2147483647;
			files = (
				A934D18A1AF3BF7C004FBEAA /* libcrypto.a in Frameworks */,
				A934D1871AF3BC3B004FBEAA /* libsensor_stream_ios.a in Frameworks */,
				A934D1851AF3BC1D004FBEAA /* librslib_ios.a in Frameworks */,
				A934D1831AF3BC00004FBEAA /* libjansson_ios.a in Frameworks */,
				A934D1811AF3BBE8004FBEAA /* libfw_bundle_ios.a in Frameworks */,
				A934D17F1AF3BBCF004FBEAA /* libVitalConnectLibrary.a in Frameworks */,
				3EE1981D19E80F8F00E86A9B /* Security.framework in Frameworks */,
				3E04F64519000331006485D9 /* libz.dylib in Frameworks */,
				3E04F64319000318006485D9 /* CoreBluetooth.framework in Frameworks */,
				3E04F62E18FFFFEA006485D9 /* AudioToolbox.framework in Frameworks */,
				3E04F62C18FFFFCB006485D9 /* CoreTelephony.framework in Frameworks */,
				3E04F62A18FFFFB6006485D9 /* SystemConfiguration.framework in Frameworks */,
				3E04F62818FFFFA5006485D9 /* CoreLocation.framework in Frameworks */,
				3E04F62618FFFF9D006485D9 /* CoreAudio.framework in Frameworks */,
				3E04F62418FFFF97006485D9 /* CoreMotion.framework in Frameworks */,
				3E04F62218FFFF8E006485D9 /* AVFoundation.framework in Frameworks */,
				3E04F62018FFFF7F006485D9 /* libsqlite3.dylib in Frameworks */,
				3E04F5E618FFF098006485D9 /* CoreGraphics.framework in Frameworks */,
				3E81305C1913CAB80064DED2 /* Cortex.framework in Frameworks */,
				3E04F5E818FFF098006485D9 /* UIKit.framework in Frameworks */,
				3E04F5E418FFF098006485D9 /* Foundation.framework in Frameworks */,
			);
			runOnlyForDeploymentPostprocessing = 0;
		};
/* End PBXFrameworksBuildPhase section */

/* Begin PBXGroup section */
		3E04F5D718FFF098006485D9 = {
			isa = PBXGroup;
			children = (
				A934D1881AF3BD4C004FBEAA /* VitalConnect.h */,
				095E483B1917CE510007D93E /* Default.png */,
				095E483D1917CE510007D93E /* Default~iphone.png */,
				095E483E1917CE510007D93E /* Default-568h@2x.png */,
				3E81305B1913CAB80064DED2 /* Cortex.framework */,
				3E7AFDBC190EA964003D2C98 /* Videos */,
				3EF47FC319095EA300104D69 /* Assets */,
				3E04F65319018B88006485D9 /* UIUtils */,
				3E04F64119000183006485D9 /* SDK.h */,
				3E04F5E918FFF099006485D9 /* SenseVital */,
				3E04F60B18FFF099006485D9 /* SenseVitalTests */,
				3E04F5E218FFF098006485D9 /* Frameworks */,
				3E04F5E118FFF098006485D9 /* Products */,
			);
			sourceTree = "<group>";
		};
		3E04F5E118FFF098006485D9 /* Products */ = {
			isa = PBXGroup;
			children = (
				3E04F5E018FFF098006485D9 /* CS Heart.app */,
			);
			name = Products;
			sourceTree = "<group>";
		};
		3E04F5E218FFF098006485D9 /* Frameworks */ = {
			isa = PBXGroup;
			children = (
				A934D1891AF3BF7C004FBEAA /* libcrypto.a */,
				A934D1861AF3BC3B004FBEAA /* libsensor_stream_ios.a */,
				A934D1841AF3BC1D004FBEAA /* librslib_ios.a */,
				A934D1821AF3BC00004FBEAA /* libjansson_ios.a */,
				A934D1801AF3BBE8004FBEAA /* libfw_bundle_ios.a */,
				A934D17E1AF3BBCF004FBEAA /* libVitalConnectLibrary.a */,
				3EE1981C19E80F8F00E86A9B /* Security.framework */,
				3E04F64419000331006485D9 /* libz.dylib */,
				3E04F64219000318006485D9 /* CoreBluetooth.framework */,
				3E04F62D18FFFFEA006485D9 /* AudioToolbox.framework */,
				3E04F62B18FFFFCB006485D9 /* CoreTelephony.framework */,
				3E04F62918FFFFB6006485D9 /* SystemConfiguration.framework */,
				3E04F62718FFFFA5006485D9 /* CoreLocation.framework */,
				3E04F62518FFFF9D006485D9 /* CoreAudio.framework */,
				3E04F62318FFFF97006485D9 /* CoreMotion.framework */,
				3E04F62118FFFF8E006485D9 /* AVFoundation.framework */,
				3E04F61F18FFFF7F006485D9 /* libsqlite3.dylib */,
				3E04F5E318FFF098006485D9 /* Foundation.framework */,
				3E04F5E518FFF098006485D9 /* CoreGraphics.framework */,
				3E04F5E718FFF098006485D9 /* UIKit.framework */,
			);
			name = Frameworks;
			sourceTree = "<group>";
		};
		3E04F5E918FFF099006485D9 /* SenseVital */ = {
			isa = PBXGroup;
			children = (
				3E04F5EA18FFF099006485D9 /* Supporting Files */,
				3E04F663190691F1006485D9 /* Settings */,
				3E04F64619001849006485D9 /* Connect */,
				3E04F6471900185E006485D9 /* Measuring */,
				3E04F6341900014E006485D9 /* CSVitalConnectSensor.h */,
				3E04F62F190000FB006485D9 /* CSVitalConnectSensor.m */,
				3E04F5F218FFF099006485D9 /* AppDelegate.h */,
				3E04F5F318FFF099006485D9 /* AppDelegate.m */,
				3E04F5F518FFF099006485D9 /* Main.storyboard */,
				3E04F64B19003747006485D9 /* LoginViewController.h */,
				3E04F64C19003747006485D9 /* LoginViewController.m */,
				3E04F65019017D37006485D9 /* Factory.h */,
				3E04F65119017D37006485D9 /* Factory.m */,
				3E7AFDBF190EB01F003D2C98 /* OrientationNavigationController.h */,
				3E7AFDC0190EB01F003D2C98 /* OrientationNavigationController.m */,
			);
			path = SenseVital;
			sourceTree = "<group>";
		};
		3E04F5EA18FFF099006485D9 /* Supporting Files */ = {
			isa = PBXGroup;
			children = (
				3E04F5EB18FFF099006485D9 /* SenseVital-Info.plist */,
				3E04F5EC18FFF099006485D9 /* InfoPlist.strings */,
				3E04F5EF18FFF099006485D9 /* main.m */,
				3E04F5F118FFF099006485D9 /* SenseVital-Prefix.pch */,
			);
			name = "Supporting Files";
			sourceTree = "<group>";
		};
		3E04F60B18FFF099006485D9 /* SenseVitalTests */ = {
			isa = PBXGroup;
			children = (
				3E04F61118FFF099006485D9 /* SenseVitalTests.m */,
				3E04F60C18FFF099006485D9 /* Supporting Files */,
			);
			path = SenseVitalTests;
			sourceTree = "<group>";
		};
		3E04F60C18FFF099006485D9 /* Supporting Files */ = {
			isa = PBXGroup;
			children = (
				3E04F60D18FFF099006485D9 /* SenseVitalTests-Info.plist */,
				3E04F60E18FFF099006485D9 /* InfoPlist.strings */,
			);
			name = "Supporting Files";
			sourceTree = "<group>";
		};
		3E04F64619001849006485D9 /* Connect */ = {
			isa = PBXGroup;
			children = (
				3E5EF3ED1A126132007C2D3E /* DeviceTableViewController.m */,
				3E04F64A1900248D006485D9 /* DeviceTableViewController.h */,
				3E04F65D1901A520006485D9 /* DeviceViewController.h */,
				3E04F65E1901A520006485D9 /* DeviceViewController.m */,
				3E04F66019066EAD006485D9 /* ConnectViewController.h */,
				3E04F66119066EAD006485D9 /* ConnectViewController.m */,
			);
			name = Connect;
			sourceTree = "<group>";
		};
		3E04F6471900185E006485D9 /* Measuring */ = {
			isa = PBXGroup;
			children = (
				3E04F63319000134006485D9 /* VitalConnectViewController.h */,
				3E04F63119000129006485D9 /* VitalConnectViewController.m */,
			);
			name = Measuring;
			sourceTree = "<group>";
		};
		3E04F65319018B88006485D9 /* UIUtils */ = {
			isa = PBXGroup;
			children = (
				3E04F65419018B9F006485D9 /* TPKeyboardAvoidingScrollView.h */,
				3E04F65519018B9F006485D9 /* TPKeyboardAvoidingScrollView.m */,
				3E04F65A19018C1D006485D9 /* UIScrollView+TPKeyboardAvoidingAdditions.h */,
				3E04F65B19018C1D006485D9 /* UIScrollView+TPKeyboardAvoidingAdditions.m */,
			);
			name = UIUtils;
			sourceTree = "<group>";
		};
		3E04F663190691F1006485D9 /* Settings */ = {
			isa = PBXGroup;
			children = (
				3E04F66419069213006485D9 /* SettingsTableViewController.h */,
				3E04F66519069213006485D9 /* SettingsTableViewController.m */,
			);
			name = Settings;
			sourceTree = "<group>";
		};
		3E7AFDBC190EA964003D2C98 /* Videos */ = {
			isa = PBXGroup;
			children = (
				3E7AFDBD190EA977003D2C98 /* instruction.mp4 */,
			);
			name = Videos;
			sourceTree = "<group>";
		};
		3E7AFDC2190FAA02003D2C98 /* videothumb_iPhone_assets */ = {
			isa = PBXGroup;
			children = (
				3E7AFDC9190FB1BA003D2C98 /* videothumb.png */,
				3E7AFDCA190FB1BA003D2C98 /* videothumb@2x.png */,
			);
			path = videothumb_iPhone_assets;
			sourceTree = "<group>";
		};
		3EF47FC319095EA300104D69 /* Assets */ = {
			isa = PBXGroup;
			children = (
				3E04F5FE18FFF099006485D9 /* Images.xcassets */,
				3E7AFDC2190FAA02003D2C98 /* videothumb_iPhone_assets */,
				3EF47FE719095F3000104D69 /* VitalConnectIOS_iPhone_assets */,
				3EF47FC419095F2500104D69 /* App Icon [Squared] */,
			);
			name = Assets;
			sourceTree = "<group>";
		};
		3EF47FC419095F2500104D69 /* App Icon [Squared] */ = {
			isa = PBXGroup;
			children = (
				3E813050191103890064DED2 /* AppIcon120x120.png */,
				3E813051191103890064DED2 /* AppIcon120x120@2x.png */,
				3EF47FC519095F2500104D69 /* AppIcon29x29.png */,
				3EF47FC619095F2500104D69 /* AppIcon29x29@2x.png */,
				3EF47FC719095F2500104D69 /* AppIcon40x40.png */,
				3EF47FC819095F2500104D69 /* AppIcon40x40@2x.png */,
				3EF47FC919095F2500104D69 /* AppIcon50x50.png */,
				3EF47FCA19095F2500104D69 /* AppIcon50x50@2x.png */,
				3EF47FCB19095F2500104D69 /* AppIcon57x57.png */,
				3EF47FCC19095F2500104D69 /* AppIcon57x57@2x.png */,
				3EF47FCD19095F2500104D69 /* AppIcon60x60.png */,
				3EF47FCE19095F2500104D69 /* AppIcon60x60@2x.png */,
				3EF47FCF19095F2500104D69 /* AppIcon72x72.png */,
				3EF47FD019095F2500104D69 /* AppIcon72x72@2x.png */,
				3EF47FD119095F2500104D69 /* AppIcon76x76.png */,
				3EF47FD219095F2500104D69 /* AppIcon76x76@2x.png */,
			);
			path = "App Icon [Squared]";
			sourceTree = "<group>";
		};
		3EF47FE719095F3000104D69 /* VitalConnectIOS_iPhone_assets */ = {
			isa = PBXGroup;
			children = (
				3E5EF3F31A126518007C2D3E /* Default.png */,
				3E5EF3F11A126512007C2D3E /* Default~iphone.png */,
				3E5EF3EF1A1264FC007C2D3E /* Background.png */,
				3E813054191122080064DED2 /* Background320x480.png */,
				3EF47FF619096EC900104D69 /* Settings.png */,
				3EF47FF719096EC900104D69 /* Settings@2x.png */,
				3EF47FEB19095F3000104D69 /* Icon.png */,
				3EF47FEC19095F3000104D69 /* Icon@2x.png */,
				3EF47FED19095F3000104D69 /* LandingHeader.png */,
				3EF47FEE19095F3000104D69 /* LandingHeader@2x.png */,
			);
			path = VitalConnectIOS_iPhone_assets;
			sourceTree = "<group>";
		};
/* End PBXGroup section */

/* Begin PBXNativeTarget section */
		3E04F5DF18FFF098006485D9 /* CS Heart */ = {
			isa = PBXNativeTarget;
			buildConfigurationList = 3E04F61518FFF099006485D9 /* Build configuration list for PBXNativeTarget "CS Heart" */;
			buildPhases = (
				3E04F5DC18FFF098006485D9 /* Sources */,
				3E04F5DD18FFF098006485D9 /* Frameworks */,
				3E04F5DE18FFF098006485D9 /* Resources */,
			);
			buildRules = (
			);
			dependencies = (
			);
			name = "CS Heart";
			productName = SenseVital;
			productReference = 3E04F5E018FFF098006485D9 /* CS Heart.app */;
			productType = "com.apple.product-type.application";
		};
/* End PBXNativeTarget section */

/* Begin PBXProject section */
		3E04F5D818FFF098006485D9 /* Project object */ = {
			isa = PBXProject;
			attributes = {
				LastUpgradeCheck = 0510;
				ORGANIZATIONNAME = "Sense Observation Systems BV";
				TargetAttributes = {
					3E04F5DF18FFF098006485D9 = {
						DevelopmentTeam = MT2K5TW3U7;
					};
				};
			};
			buildConfigurationList = 3E04F5DB18FFF098006485D9 /* Build configuration list for PBXProject "CS Heart" */;
			compatibilityVersion = "Xcode 3.2";
			developmentRegion = English;
			hasScannedForEncodings = 0;
			knownRegions = (
				en,
				Base,
			);
			mainGroup = 3E04F5D718FFF098006485D9;
			productRefGroup = 3E04F5E118FFF098006485D9 /* Products */;
			projectDirPath = "";
			projectRoot = "";
			targets = (
				3E04F5DF18FFF098006485D9 /* CS Heart */,
			);
		};
/* End PBXProject section */

/* Begin PBXResourcesBuildPhase section */
		3E04F5DE18FFF098006485D9 /* Resources */ = {
			isa = PBXResourcesBuildPhase;
			buildActionMask = 2147483647;
			files = (
				3E813052191103890064DED2 /* AppIcon120x120.png in Resources */,
				3E5EF3F21A126512007C2D3E /* Default~iphone.png in Resources */,
				A934D18B1AF3C119004FBEAA /* Main.storyboard in Resources */,
				3E7AFDBE190EA99D003D2C98 /* instruction.mp4 in Resources */,
				3E04F5FF18FFF099006485D9 /* Images.xcassets in Resources */,
				3E5EF3F41A126518007C2D3E /* Default.png in Resources */,
				3EF47FDE19095F2500104D69 /* AppIcon60x60.png in Resources */,
				3EF47FD819095F2500104D69 /* AppIcon40x40.png in Resources */,
				3E813056191122080064DED2 /* Background320x480.png in Resources */,
				3EF47FD919095F2500104D69 /* AppIcon40x40@2x.png in Resources */,
				3EF47FF419095F3000104D69 /* LandingHeader.png in Resources */,
				3EF47FF919096EC900104D69 /* Settings@2x.png in Resources */,
				3E7AFDCC190FB1BA003D2C98 /* videothumb@2x.png in Resources */,
				3EF47FD719095F2500104D69 /* AppIcon29x29@2x.png in Resources */,
				3E04F5EE18FFF099006485D9 /* InfoPlist.strings in Resources */,
				3E5EF3F01A1264FC007C2D3E /* Background.png in Resources */,
				3EF47FDB19095F2500104D69 /* AppIcon50x50@2x.png in Resources */,
				3EF47FF819096EC900104D69 /* Settings.png in Resources */,
				3EF47FDC19095F2500104D69 /* AppIcon57x57.png in Resources */,
				3EF47FF219095F3000104D69 /* Icon.png in Resources */,
				3E7AFDCB190FB1BA003D2C98 /* videothumb.png in Resources */,
				3EF47FD619095F2500104D69 /* AppIcon29x29.png in Resources */,
				3EF47FDF19095F2500104D69 /* AppIcon60x60@2x.png in Resources */,
				3EF47FDD19095F2500104D69 /* AppIcon57x57@2x.png in Resources */,
				3EF47FDA19095F2500104D69 /* AppIcon50x50.png in Resources */,
				3EF47FF319095F3000104D69 /* Icon@2x.png in Resources */,
				3E813053191103890064DED2 /* AppIcon120x120@2x.png in Resources */,
				3EF47FE019095F2500104D69 /* AppIcon72x72.png in Resources */,
				095E48421917CE510007D93E /* Default-568h@2x.png in Resources */,
				3EF47FE119095F2500104D69 /* AppIcon72x72@2x.png in Resources */,
				3EF47FE319095F2500104D69 /* AppIcon76x76@2x.png in Resources */,
				3EF47FF519095F3000104D69 /* LandingHeader@2x.png in Resources */,
				3EF47FE219095F2500104D69 /* AppIcon76x76.png in Resources */,
			);
			runOnlyForDeploymentPostprocessing = 0;
		};
/* End PBXResourcesBuildPhase section */

/* Begin PBXSourcesBuildPhase section */
		3E04F5DC18FFF098006485D9 /* Sources */ = {
			isa = PBXSourcesBuildPhase;
			buildActionMask = 2147483647;
			files = (
				3E04F66619069213006485D9 /* SettingsTableViewController.m in Sources */,
				3E04F64D19003747006485D9 /* LoginViewController.m in Sources */,
				3E04F65619018B9F006485D9 /* TPKeyboardAvoidingScrollView.m in Sources */,
				3E04F5F418FFF099006485D9 /* AppDelegate.m in Sources */,
				3E04F630190000FB006485D9 /* CSVitalConnectSensor.m in Sources */,
				3E04F65F1901A520006485D9 /* DeviceViewController.m in Sources */,
				3E04F5F018FFF099006485D9 /* main.m in Sources */,
				3E5EF3EE1A126132007C2D3E /* DeviceTableViewController.m in Sources */,
				3E7AFDC1190EB01F003D2C98 /* OrientationNavigationController.m in Sources */,
				3E04F63219000129006485D9 /* VitalConnectViewController.m in Sources */,
				3E04F66219066EAD006485D9 /* ConnectViewController.m in Sources */,
				3E04F65219017D37006485D9 /* Factory.m in Sources */,
				3E04F65C19018C1D006485D9 /* UIScrollView+TPKeyboardAvoidingAdditions.m in Sources */,
			);
			runOnlyForDeploymentPostprocessing = 0;
		};
/* End PBXSourcesBuildPhase section */

/* Begin PBXVariantGroup section */
		3E04F5EC18FFF099006485D9 /* InfoPlist.strings */ = {
			isa = PBXVariantGroup;
			children = (
				3E04F5ED18FFF099006485D9 /* en */,
			);
			name = InfoPlist.strings;
			sourceTree = "<group>";
		};
		3E04F5F518FFF099006485D9 /* Main.storyboard */ = {
			isa = PBXVariantGroup;
			children = (
				3E04F5F618FFF099006485D9 /* Base */,
			);
			name = Main.storyboard;
			sourceTree = "<group>";
		};
		3E04F60E18FFF099006485D9 /* InfoPlist.strings */ = {
			isa = PBXVariantGroup;
			children = (
				3E04F60F18FFF099006485D9 /* en */,
			);
			name = InfoPlist.strings;
			sourceTree = "<group>";
		};
/* End PBXVariantGroup section */

/* Begin XCBuildConfiguration section */
		3E04F61318FFF099006485D9 /* Debug */ = {
			isa = XCBuildConfiguration;
			buildSettings = {
				ALWAYS_SEARCH_USER_PATHS = NO;
				CLANG_CXX_LANGUAGE_STANDARD = "gnu++0x";
				CLANG_CXX_LIBRARY = "libc++";
				CLANG_ENABLE_MODULES = YES;
				CLANG_ENABLE_OBJC_ARC = YES;
				CLANG_WARN_BOOL_CONVERSION = YES;
				CLANG_WARN_CONSTANT_CONVERSION = YES;
				CLANG_WARN_DIRECT_OBJC_ISA_USAGE = YES_ERROR;
				CLANG_WARN_EMPTY_BODY = YES;
				CLANG_WARN_ENUM_CONVERSION = YES;
				CLANG_WARN_INT_CONVERSION = YES;
				CLANG_WARN_OBJC_ROOT_CLASS = YES_ERROR;
				CLANG_WARN__DUPLICATE_METHOD_MATCH = YES;
				"CODE_SIGN_IDENTITY[sdk=iphoneos*]" = "iPhone Developer";
				COPY_PHASE_STRIP = NO;
				GCC_C_LANGUAGE_STANDARD = gnu99;
				GCC_DYNAMIC_NO_PIC = NO;
				GCC_OPTIMIZATION_LEVEL = 0;
				GCC_PREPROCESSOR_DEFINITIONS = (
					"DEBUG=1",
					"$(inherited)",
				);
				GCC_SYMBOLS_PRIVATE_EXTERN = NO;
				GCC_WARN_64_TO_32_BIT_CONVERSION = YES;
				GCC_WARN_ABOUT_RETURN_TYPE = YES_ERROR;
				GCC_WARN_UNDECLARED_SELECTOR = YES;
				GCC_WARN_UNINITIALIZED_AUTOS = YES_AGGRESSIVE;
				GCC_WARN_UNUSED_FUNCTION = YES;
				GCC_WARN_UNUSED_VARIABLE = YES;
				IPHONEOS_DEPLOYMENT_TARGET = 8.1;
				ONLY_ACTIVE_ARCH = YES;
				PROVISIONING_PROFILE = "eca39bd2-819f-4be0-b32f-f49b95615bf5";
				SDKROOT = iphoneos;
			};
			name = Debug;
		};
		3E04F61418FFF099006485D9 /* Release */ = {
			isa = XCBuildConfiguration;
			buildSettings = {
				ALWAYS_SEARCH_USER_PATHS = NO;
				CLANG_CXX_LANGUAGE_STANDARD = "gnu++0x";
				CLANG_CXX_LIBRARY = "libc++";
				CLANG_ENABLE_MODULES = YES;
				CLANG_ENABLE_OBJC_ARC = YES;
				CLANG_WARN_BOOL_CONVERSION = YES;
				CLANG_WARN_CONSTANT_CONVERSION = YES;
				CLANG_WARN_DIRECT_OBJC_ISA_USAGE = YES_ERROR;
				CLANG_WARN_EMPTY_BODY = YES;
				CLANG_WARN_ENUM_CONVERSION = YES;
				CLANG_WARN_INT_CONVERSION = YES;
				CLANG_WARN_OBJC_ROOT_CLASS = YES_ERROR;
				CLANG_WARN__DUPLICATE_METHOD_MATCH = YES;
				"CODE_SIGN_IDENTITY[sdk=iphoneos*]" = "iPhone Developer";
				COPY_PHASE_STRIP = YES;
				ENABLE_NS_ASSERTIONS = NO;
				GCC_C_LANGUAGE_STANDARD = gnu99;
				GCC_WARN_64_TO_32_BIT_CONVERSION = YES;
				GCC_WARN_ABOUT_RETURN_TYPE = YES_ERROR;
				GCC_WARN_UNDECLARED_SELECTOR = YES;
				GCC_WARN_UNINITIALIZED_AUTOS = YES_AGGRESSIVE;
				GCC_WARN_UNUSED_FUNCTION = YES;
				GCC_WARN_UNUSED_VARIABLE = YES;
				IPHONEOS_DEPLOYMENT_TARGET = 8.1;
				PROVISIONING_PROFILE = "eca39bd2-819f-4be0-b32f-f49b95615bf5";
				SDKROOT = iphoneos;
				VALIDATE_PRODUCT = YES;
			};
			name = Release;
		};
		3E04F61618FFF099006485D9 /* Debug */ = {
			isa = XCBuildConfiguration;
			buildSettings = {
				CODE_SIGN_IDENTITY = "iPhone Developer";
				"CODE_SIGN_IDENTITY[sdk=iphoneos*]" = "iPhone Developer";
				ENABLE_BITCODE = NO;
				FRAMEWORK_SEARCH_PATHS = (
					"$(inherited)",
					"$(PROJECT_DIR)/lib/**",
				);
				GCC_PRECOMPILE_PREFIX_HEADER = YES;
				GCC_PREFIX_HEADER = "SenseVital/SenseVital-Prefix.pch";
				INFOPLIST_FILE = "SenseVital/SenseVital-Info.plist";
				IPHONEOS_DEPLOYMENT_TARGET = 8.1;
				LIBRARY_SEARCH_PATHS = (
					"$(inherited)",
					"$(PROJECT_DIR)/lib/VitalConnectLib",
					"$(PROJECT_DIR)/lib",
				);
				ONLY_ACTIVE_ARCH = YES;
				OTHER_LDFLAGS = (
					"-lc++",
					"-ObjC",
				);
				PRODUCT_NAME = "CS Heart";
				PROVISIONING_PROFILE = "";
				VALID_ARCHS = "arm64 armv7 armv7s";
				WRAPPER_EXTENSION = app;
			};
			name = Debug;
		};
		3E04F61718FFF099006485D9 /* Release */ = {
			isa = XCBuildConfiguration;
			buildSettings = {
				CODE_SIGN_IDENTITY = "iPhone Developer";
				"CODE_SIGN_IDENTITY[sdk=iphoneos*]" = "iPhone Developer";
				ENABLE_BITCODE = NO;
				FRAMEWORK_SEARCH_PATHS = (
					"$(inherited)",
					"$(PROJECT_DIR)/lib/**",
				);
				GCC_PRECOMPILE_PREFIX_HEADER = YES;
				GCC_PREFIX_HEADER = "SenseVital/SenseVital-Prefix.pch";
				INFOPLIST_FILE = "SenseVital/SenseVital-Info.plist";
				IPHONEOS_DEPLOYMENT_TARGET = 8.1;
				LIBRARY_SEARCH_PATHS = (
					"$(inherited)",
					"$(PROJECT_DIR)/lib/VitalConnectLib",
					"$(PROJECT_DIR)/lib",
				);
				ONLY_ACTIVE_ARCH = YES;
				OTHER_LDFLAGS = (
					"-lc++",
					"-ObjC",
				);
				PRODUCT_NAME = "CS Heart";
				PROVISIONING_PROFILE = "";
				VALID_ARCHS = "arm64 armv7 armv7s";
				WRAPPER_EXTENSION = app;
			};
			name = Release;
		};
/* End XCBuildConfiguration section */

/* Begin XCConfigurationList section */
		3E04F5DB18FFF098006485D9 /* Build configuration list for PBXProject "CS Heart" */ = {
			isa = XCConfigurationList;
			buildConfigurations = (
				3E04F61318FFF099006485D9 /* Debug */,
				3E04F61418FFF099006485D9 /* Release */,
			);
			defaultConfigurationIsVisible = 0;
			defaultConfigurationName = Release;
		};
		3E04F61518FFF099006485D9 /* Build configuration list for PBXNativeTarget "CS Heart" */ = {
			isa = XCConfigurationList;
			buildConfigurations = (
				3E04F61618FFF099006485D9 /* Debug */,
				3E04F61718FFF099006485D9 /* Release */,
			);
			defaultConfigurationIsVisible = 0;
			defaultConfigurationName = Release;
		};
/* End XCConfigurationList section */
	};
	rootObject = 3E04F5D818FFF098006485D9 /* Project object */;
}
